// !$*UTF8*$!
{
	archiveVersion = 1;
	classes = {
	};
	objectVersion = 51;
	objects = {

/* Begin PBXBuildFile section */
		524D3267244F769800CA76C6 /* ServerStatusIndicator.swift in Sources */ = {isa = PBXBuildFile; fileRef = 524D3266244F769800CA76C6 /* ServerStatusIndicator.swift */; };
		52555AE6243522CD006E38C8 /* AppDelegate.swift in Sources */ = {isa = PBXBuildFile; fileRef = 52555AE5243522CD006E38C8 /* AppDelegate.swift */; };
		52555AE8243522CD006E38C8 /* ContentView.swift in Sources */ = {isa = PBXBuildFile; fileRef = 52555AE7243522CD006E38C8 /* ContentView.swift */; };
		52555AEA243522D0006E38C8 /* Assets.xcassets in Resources */ = {isa = PBXBuildFile; fileRef = 52555AE9243522D0006E38C8 /* Assets.xcassets */; };
		52555AED243522D0006E38C8 /* Preview Assets.xcassets in Resources */ = {isa = PBXBuildFile; fileRef = 52555AEC243522D0006E38C8 /* Preview Assets.xcassets */; };
		52555AF0243522D0006E38C8 /* Main.storyboard in Resources */ = {isa = PBXBuildFile; fileRef = 52555AEE243522D0006E38C8 /* Main.storyboard */; };
		52D825192450BE0300FC0B66 /* ConnectionManager.swift in Sources */ = {isa = PBXBuildFile; fileRef = 52D825182450BE0300FC0B66 /* ConnectionManager.swift */; };
		52D8251B2451774A00FC0B66 /* ServerStatus.swift in Sources */ = {isa = PBXBuildFile; fileRef = 52D8251A2451774A00FC0B66 /* ServerStatus.swift */; };
		52D8251D24517B9000FC0B66 /* InitData.swift in Sources */ = {isa = PBXBuildFile; fileRef = 52D8251C24517B9000FC0B66 /* InitData.swift */; };
		52EE58FB244C868A00EC6964 /* Extensions.swift in Sources */ = {isa = PBXBuildFile; fileRef = 52EE58FA244C868A00EC6964 /* Extensions.swift */; };
		7521595C82671C02781C2FEA /* Pods_TerminalBuddyAgent.framework in Frameworks */ = {isa = PBXBuildFile; fileRef = 2FF06B3C8B2C91BADE877AE0 /* Pods_TerminalBuddyAgent.framework */; };
/* End PBXBuildFile section */

/* Begin PBXFileReference section */
		2FF06B3C8B2C91BADE877AE0 /* Pods_TerminalBuddyAgent.framework */ = {isa = PBXFileReference; explicitFileType = wrapper.framework; includeInIndex = 0; path = Pods_TerminalBuddyAgent.framework; sourceTree = BUILT_PRODUCTS_DIR; };
		524D3266244F769800CA76C6 /* ServerStatusIndicator.swift */ = {isa = PBXFileReference; lastKnownFileType = sourcecode.swift; path = ServerStatusIndicator.swift; sourceTree = "<group>"; };
		52555AE2243522CD006E38C8 /* TerminalBuddyAgent.app */ = {isa = PBXFileReference; explicitFileType = wrapper.application; includeInIndex = 0; path = TerminalBuddyAgent.app; sourceTree = BUILT_PRODUCTS_DIR; };
		52555AE5243522CD006E38C8 /* AppDelegate.swift */ = {isa = PBXFileReference; lastKnownFileType = sourcecode.swift; path = AppDelegate.swift; sourceTree = "<group>"; };
		52555AE7243522CD006E38C8 /* ContentView.swift */ = {isa = PBXFileReference; lastKnownFileType = sourcecode.swift; path = ContentView.swift; sourceTree = "<group>"; };
		52555AE9243522D0006E38C8 /* Assets.xcassets */ = {isa = PBXFileReference; lastKnownFileType = folder.assetcatalog; path = Assets.xcassets; sourceTree = "<group>"; };
		52555AEC243522D0006E38C8 /* Preview Assets.xcassets */ = {isa = PBXFileReference; lastKnownFileType = folder.assetcatalog; path = "Preview Assets.xcassets"; sourceTree = "<group>"; };
		52555AEF243522D0006E38C8 /* Base */ = {isa = PBXFileReference; lastKnownFileType = file.storyboard; name = Base; path = Base.lproj/Main.storyboard; sourceTree = "<group>"; };
		52555AF1243522D0006E38C8 /* Info.plist */ = {isa = PBXFileReference; lastKnownFileType = text.plist.xml; path = Info.plist; sourceTree = "<group>"; };
		52555AF2243522D0006E38C8 /* TerminalBuddyAgent.entitlements */ = {isa = PBXFileReference; lastKnownFileType = text.plist.entitlements; path = TerminalBuddyAgent.entitlements; sourceTree = "<group>"; };
		52D825182450BE0300FC0B66 /* ConnectionManager.swift */ = {isa = PBXFileReference; lastKnownFileType = sourcecode.swift; path = ConnectionManager.swift; sourceTree = "<group>"; };
		52D8251A2451774A00FC0B66 /* ServerStatus.swift */ = {isa = PBXFileReference; lastKnownFileType = sourcecode.swift; path = ServerStatus.swift; sourceTree = "<group>"; };
		52D8251C24517B9000FC0B66 /* InitData.swift */ = {isa = PBXFileReference; lastKnownFileType = sourcecode.swift; path = InitData.swift; sourceTree = "<group>"; };
		52EE58FA244C868A00EC6964 /* Extensions.swift */ = {isa = PBXFileReference; lastKnownFileType = sourcecode.swift; path = Extensions.swift; sourceTree = "<group>"; };
		7C2568FADDA63565FFEC0C24 /* Pods-TerminalBuddyAgent.release.xcconfig */ = {isa = PBXFileReference; includeInIndex = 1; lastKnownFileType = text.xcconfig; name = "Pods-TerminalBuddyAgent.release.xcconfig"; path = "Target Support Files/Pods-TerminalBuddyAgent/Pods-TerminalBuddyAgent.release.xcconfig"; sourceTree = "<group>"; };
		B9BF9B4BD9D04B70CA7C8D06 /* Pods-TerminalBuddyAgent.debug.xcconfig */ = {isa = PBXFileReference; includeInIndex = 1; lastKnownFileType = text.xcconfig; name = "Pods-TerminalBuddyAgent.debug.xcconfig"; path = "Target Support Files/Pods-TerminalBuddyAgent/Pods-TerminalBuddyAgent.debug.xcconfig"; sourceTree = "<group>"; };
/* End PBXFileReference section */

/* Begin PBXFrameworksBuildPhase section */
		52555ADF243522CD006E38C8 /* Frameworks */ = {
			isa = PBXFrameworksBuildPhase;
			buildActionMask = 2147483647;
			files = (
				7521595C82671C02781C2FEA /* Pods_TerminalBuddyAgent.framework in Frameworks */,
			);
			runOnlyForDeploymentPostprocessing = 0;
		};
/* End PBXFrameworksBuildPhase section */

/* Begin PBXGroup section */
		52555AD9243522CD006E38C8 = {
			isa = PBXGroup;
			children = (
				52555AE4243522CD006E38C8 /* TerminalBuddyAgent */,
				52555AE3243522CD006E38C8 /* Products */,
				F2A58DEF6CCF50046B51BF32 /* Pods */,
				F12D2BF2FCCE15B06F694B66 /* Frameworks */,
			);
			sourceTree = "<group>";
		};
		52555AE3243522CD006E38C8 /* Products */ = {
			isa = PBXGroup;
			children = (
				52555AE2243522CD006E38C8 /* TerminalBuddyAgent.app */,
			);
			name = Products;
			sourceTree = "<group>";
		};
		52555AE4243522CD006E38C8 /* TerminalBuddyAgent */ = {
			isa = PBXGroup;
			children = (
				52555AE5243522CD006E38C8 /* AppDelegate.swift */,
				52555AE7243522CD006E38C8 /* ContentView.swift */,
				524D3266244F769800CA76C6 /* ServerStatusIndicator.swift */,
				52555AE9243522D0006E38C8 /* Assets.xcassets */,
				52555AEE243522D0006E38C8 /* Main.storyboard */,
				52555AF1243522D0006E38C8 /* Info.plist */,
				52555AF2243522D0006E38C8 /* TerminalBuddyAgent.entitlements */,
				52555AEB243522D0006E38C8 /* Preview Content */,
				52EE58FA244C868A00EC6964 /* Extensions.swift */,
				52D825182450BE0300FC0B66 /* ConnectionManager.swift */,
				52D8251A2451774A00FC0B66 /* ServerStatus.swift */,
				52D8251C24517B9000FC0B66 /* InitData.swift */,
			);
			path = TerminalBuddyAgent;
			sourceTree = "<group>";
		};
		52555AEB243522D0006E38C8 /* Preview Content */ = {
			isa = PBXGroup;
			children = (
				52555AEC243522D0006E38C8 /* Preview Assets.xcassets */,
			);
			path = "Preview Content";
			sourceTree = "<group>";
		};
		F12D2BF2FCCE15B06F694B66 /* Frameworks */ = {
			isa = PBXGroup;
			children = (
				2FF06B3C8B2C91BADE877AE0 /* Pods_TerminalBuddyAgent.framework */,
			);
			name = Frameworks;
			sourceTree = "<group>";
		};
		F2A58DEF6CCF50046B51BF32 /* Pods */ = {
			isa = PBXGroup;
			children = (
				B9BF9B4BD9D04B70CA7C8D06 /* Pods-TerminalBuddyAgent.debug.xcconfig */,
				7C2568FADDA63565FFEC0C24 /* Pods-TerminalBuddyAgent.release.xcconfig */,
			);
			path = Pods;
			sourceTree = "<group>";
		};
/* End PBXGroup section */

/* Begin PBXNativeTarget section */
		52555AE1243522CD006E38C8 /* TerminalBuddyAgent */ = {
			isa = PBXNativeTarget;
			buildConfigurationList = 52555AF5243522D0006E38C8 /* Build configuration list for PBXNativeTarget "TerminalBuddyAgent" */;
			buildPhases = (
				851C10AC76289C69C481932D /* [CP] Check Pods Manifest.lock */,
				52555ADE243522CD006E38C8 /* Sources */,
				52555ADF243522CD006E38C8 /* Frameworks */,
				52555AE0243522CD006E38C8 /* Resources */,
				590B845D10E6423DD944A925 /* [CP] Embed Pods Frameworks */,
			);
			buildRules = (
			);
			dependencies = (
			);
			name = TerminalBuddyAgent;
			productName = TerminalBuddyAgent;
			productReference = 52555AE2243522CD006E38C8 /* TerminalBuddyAgent.app */;
			productType = "com.apple.product-type.application";
		};
/* End PBXNativeTarget section */

/* Begin PBXProject section */
		52555ADA243522CD006E38C8 /* Project object */ = {
			isa = PBXProject;
			attributes = {
				LastSwiftUpdateCheck = 1140;
				LastUpgradeCheck = 1140;
				ORGANIZATIONNAME = "Srdjan Tubin";
				TargetAttributes = {
					52555AE1243522CD006E38C8 = {
						CreatedOnToolsVersion = 11.4;
					};
				};
			};
			buildConfigurationList = 52555ADD243522CD006E38C8 /* Build configuration list for PBXProject "TerminalBuddyAgent" */;
			compatibilityVersion = "Xcode 9.3";
			developmentRegion = en;
			hasScannedForEncodings = 0;
			knownRegions = (
				en,
				Base,
			);
			mainGroup = 52555AD9243522CD006E38C8;
			productRefGroup = 52555AE3243522CD006E38C8 /* Products */;
			projectDirPath = "";
			projectRoot = "";
			targets = (
				52555AE1243522CD006E38C8 /* TerminalBuddyAgent */,
			);
		};
/* End PBXProject section */

/* Begin PBXResourcesBuildPhase section */
		52555AE0243522CD006E38C8 /* Resources */ = {
			isa = PBXResourcesBuildPhase;
			buildActionMask = 2147483647;
			files = (
				52555AF0243522D0006E38C8 /* Main.storyboard in Resources */,
				52555AED243522D0006E38C8 /* Preview Assets.xcassets in Resources */,
				52555AEA243522D0006E38C8 /* Assets.xcassets in Resources */,
			);
			runOnlyForDeploymentPostprocessing = 0;
		};
/* End PBXResourcesBuildPhase section */

/* Begin PBXShellScriptBuildPhase section */
		590B845D10E6423DD944A925 /* [CP] Embed Pods Frameworks */ = {
			isa = PBXShellScriptBuildPhase;
			buildActionMask = 2147483647;
			files = (
			);
			inputFileListPaths = (
				"${PODS_ROOT}/Target Support Files/Pods-TerminalBuddyAgent/Pods-TerminalBuddyAgent-frameworks-${CONFIGURATION}-input-files.xcfilelist",
			);
			name = "[CP] Embed Pods Frameworks";
			outputFileListPaths = (
				"${PODS_ROOT}/Target Support Files/Pods-TerminalBuddyAgent/Pods-TerminalBuddyAgent-frameworks-${CONFIGURATION}-output-files.xcfilelist",
			);
			runOnlyForDeploymentPostprocessing = 0;
			shellPath = /bin/sh;
			shellScript = "\"${PODS_ROOT}/Target Support Files/Pods-TerminalBuddyAgent/Pods-TerminalBuddyAgent-frameworks.sh\"\n";
			showEnvVarsInLog = 0;
		};
		851C10AC76289C69C481932D /* [CP] Check Pods Manifest.lock */ = {
			isa = PBXShellScriptBuildPhase;
			buildActionMask = 2147483647;
			files = (
			);
			inputFileListPaths = (
			);
			inputPaths = (
				"${PODS_PODFILE_DIR_PATH}/Podfile.lock",
				"${PODS_ROOT}/Manifest.lock",
			);
			name = "[CP] Check Pods Manifest.lock";
			outputFileListPaths = (
			);
			outputPaths = (
				"$(DERIVED_FILE_DIR)/Pods-TerminalBuddyAgent-checkManifestLockResult.txt",
			);
			runOnlyForDeploymentPostprocessing = 0;
			shellPath = /bin/sh;
			shellScript = "diff \"${PODS_PODFILE_DIR_PATH}/Podfile.lock\" \"${PODS_ROOT}/Manifest.lock\" > /dev/null\nif [ $? != 0 ] ; then\n    # print error to STDERR\n    echo \"error: The sandbox is not in sync with the Podfile.lock. Run 'pod install' or update your CocoaPods installation.\" >&2\n    exit 1\nfi\n# This output is used by Xcode 'outputs' to avoid re-running this script phase.\necho \"SUCCESS\" > \"${SCRIPT_OUTPUT_FILE_0}\"\n";
			showEnvVarsInLog = 0;
		};
/* End PBXShellScriptBuildPhase section */

/* Begin PBXSourcesBuildPhase section */
		52555ADE243522CD006E38C8 /* Sources */ = {
			isa = PBXSourcesBuildPhase;
			buildActionMask = 2147483647;
			files = (
				52D8251B2451774A00FC0B66 /* ServerStatus.swift in Sources */,
				52D825192450BE0300FC0B66 /* ConnectionManager.swift in Sources */,
				524D3267244F769800CA76C6 /* ServerStatusIndicator.swift in Sources */,
				52D8251D24517B9000FC0B66 /* InitData.swift in Sources */,
				52555AE8243522CD006E38C8 /* ContentView.swift in Sources */,
				52EE58FB244C868A00EC6964 /* Extensions.swift in Sources */,
				52555AE6243522CD006E38C8 /* AppDelegate.swift in Sources */,
			);
			runOnlyForDeploymentPostprocessing = 0;
		};
/* End PBXSourcesBuildPhase section */

/* Begin PBXVariantGroup section */
		52555AEE243522D0006E38C8 /* Main.storyboard */ = {
			isa = PBXVariantGroup;
			children = (
				52555AEF243522D0006E38C8 /* Base */,
			);
			name = Main.storyboard;
			sourceTree = "<group>";
		};
/* End PBXVariantGroup section */

/* Begin XCBuildConfiguration section */
		52555AF3243522D0006E38C8 /* Debug */ = {
			isa = XCBuildConfiguration;
			buildSettings = {
				ALWAYS_SEARCH_USER_PATHS = NO;
				CLANG_ANALYZER_NONNULL = YES;
				CLANG_ANALYZER_NUMBER_OBJECT_CONVERSION = YES_AGGRESSIVE;
				CLANG_CXX_LANGUAGE_STANDARD = "gnu++14";
				CLANG_CXX_LIBRARY = "libc++";
				CLANG_ENABLE_MODULES = YES;
				CLANG_ENABLE_OBJC_ARC = YES;
				CLANG_ENABLE_OBJC_WEAK = YES;
				CLANG_WARN_BLOCK_CAPTURE_AUTORELEASING = YES;
				CLANG_WARN_BOOL_CONVERSION = YES;
				CLANG_WARN_COMMA = YES;
				CLANG_WARN_CONSTANT_CONVERSION = YES;
				CLANG_WARN_DEPRECATED_OBJC_IMPLEMENTATIONS = YES;
				CLANG_WARN_DIRECT_OBJC_ISA_USAGE = YES_ERROR;
				CLANG_WARN_DOCUMENTATION_COMMENTS = YES;
				CLANG_WARN_EMPTY_BODY = YES;
				CLANG_WARN_ENUM_CONVERSION = YES;
				CLANG_WARN_INFINITE_RECURSION = YES;
				CLANG_WARN_INT_CONVERSION = YES;
				CLANG_WARN_NON_LITERAL_NULL_CONVERSION = YES;
				CLANG_WARN_OBJC_IMPLICIT_RETAIN_SELF = YES;
				CLANG_WARN_OBJC_LITERAL_CONVERSION = YES;
				CLANG_WARN_OBJC_ROOT_CLASS = YES_ERROR;
				CLANG_WARN_RANGE_LOOP_ANALYSIS = YES;
				CLANG_WARN_STRICT_PROTOTYPES = YES;
				CLANG_WARN_SUSPICIOUS_MOVE = YES;
				CLANG_WARN_UNGUARDED_AVAILABILITY = YES_AGGRESSIVE;
				CLANG_WARN_UNREACHABLE_CODE = YES;
				CLANG_WARN__DUPLICATE_METHOD_MATCH = YES;
				COPY_PHASE_STRIP = NO;
				DEBUG_INFORMATION_FORMAT = dwarf;
				ENABLE_STRICT_OBJC_MSGSEND = YES;
				ENABLE_TESTABILITY = YES;
				GCC_C_LANGUAGE_STANDARD = gnu11;
				GCC_DYNAMIC_NO_PIC = NO;
				GCC_NO_COMMON_BLOCKS = YES;
				GCC_OPTIMIZATION_LEVEL = 0;
				GCC_PREPROCESSOR_DEFINITIONS = (
					"DEBUG=1",
					"$(inherited)",
				);
				GCC_WARN_64_TO_32_BIT_CONVERSION = YES;
				GCC_WARN_ABOUT_RETURN_TYPE = YES_ERROR;
				GCC_WARN_UNDECLARED_SELECTOR = YES;
				GCC_WARN_UNINITIALIZED_AUTOS = YES_AGGRESSIVE;
				GCC_WARN_UNUSED_FUNCTION = YES;
				GCC_WARN_UNUSED_VARIABLE = YES;
				MACOSX_DEPLOYMENT_TARGET = 10.15;
				MTL_ENABLE_DEBUG_INFO = INCLUDE_SOURCE;
				MTL_FAST_MATH = YES;
				ONLY_ACTIVE_ARCH = YES;
				SDKROOT = macosx;
				SWIFT_ACTIVE_COMPILATION_CONDITIONS = DEBUG;
				SWIFT_OPTIMIZATION_LEVEL = "-Onone";
			};
			name = Debug;
		};
		52555AF4243522D0006E38C8 /* Release */ = {
			isa = XCBuildConfiguration;
			buildSettings = {
				ALWAYS_SEARCH_USER_PATHS = NO;
				CLANG_ANALYZER_NONNULL = YES;
				CLANG_ANALYZER_NUMBER_OBJECT_CONVERSION = YES_AGGRESSIVE;
				CLANG_CXX_LANGUAGE_STANDARD = "gnu++14";
				CLANG_CXX_LIBRARY = "libc++";
				CLANG_ENABLE_MODULES = YES;
				CLANG_ENABLE_OBJC_ARC = YES;
				CLANG_ENABLE_OBJC_WEAK = YES;
				CLANG_WARN_BLOCK_CAPTURE_AUTORELEASING = YES;
				CLANG_WARN_BOOL_CONVERSION = YES;
				CLANG_WARN_COMMA = YES;
				CLANG_WARN_CONSTANT_CONVERSION = YES;
				CLANG_WARN_DEPRECATED_OBJC_IMPLEMENTATIONS = YES;
				CLANG_WARN_DIRECT_OBJC_ISA_USAGE = YES_ERROR;
				CLANG_WARN_DOCUMENTATION_COMMENTS = YES;
				CLANG_WARN_EMPTY_BODY = YES;
				CLANG_WARN_ENUM_CONVERSION = YES;
				CLANG_WARN_INFINITE_RECURSION = YES;
				CLANG_WARN_INT_CONVERSION = YES;
				CLANG_WARN_NON_LITERAL_NULL_CONVERSION = YES;
				CLANG_WARN_OBJC_IMPLICIT_RETAIN_SELF = YES;
				CLANG_WARN_OBJC_LITERAL_CONVERSION = YES;
				CLANG_WARN_OBJC_ROOT_CLASS = YES_ERROR;
				CLANG_WARN_RANGE_LOOP_ANALYSIS = YES;
				CLANG_WARN_STRICT_PROTOTYPES = YES;
				CLANG_WARN_SUSPICIOUS_MOVE = YES;
				CLANG_WARN_UNGUARDED_AVAILABILITY = YES_AGGRESSIVE;
				CLANG_WARN_UNREACHABLE_CODE = YES;
				CLANG_WARN__DUPLICATE_METHOD_MATCH = YES;
				COPY_PHASE_STRIP = NO;
				DEBUG_INFORMATION_FORMAT = "dwarf-with-dsym";
				ENABLE_NS_ASSERTIONS = NO;
				ENABLE_STRICT_OBJC_MSGSEND = YES;
				GCC_C_LANGUAGE_STANDARD = gnu11;
				GCC_NO_COMMON_BLOCKS = YES;
				GCC_WARN_64_TO_32_BIT_CONVERSION = YES;
				GCC_WARN_ABOUT_RETURN_TYPE = YES_ERROR;
				GCC_WARN_UNDECLARED_SELECTOR = YES;
				GCC_WARN_UNINITIALIZED_AUTOS = YES_AGGRESSIVE;
				GCC_WARN_UNUSED_FUNCTION = YES;
				GCC_WARN_UNUSED_VARIABLE = YES;
				MACOSX_DEPLOYMENT_TARGET = 10.15;
				MTL_ENABLE_DEBUG_INFO = NO;
				MTL_FAST_MATH = YES;
				SDKROOT = macosx;
				SWIFT_COMPILATION_MODE = wholemodule;
				SWIFT_OPTIMIZATION_LEVEL = "-O";
			};
			name = Release;
		};
		52555AF6243522D0006E38C8 /* Debug */ = {
			isa = XCBuildConfiguration;
			baseConfigurationReference = B9BF9B4BD9D04B70CA7C8D06 /* Pods-TerminalBuddyAgent.debug.xcconfig */;
			buildSettings = {
				ASSETCATALOG_COMPILER_APPICON_NAME = AppIcon;
				CODE_SIGN_ENTITLEMENTS = TerminalBuddyAgent/TerminalBuddyAgent.entitlements;
				CODE_SIGN_IDENTITY = "Apple Development";
				CODE_SIGN_STYLE = Automatic;
				COMBINE_HIDPI_IMAGES = YES;
				DEVELOPMENT_ASSET_PATHS = "\"TerminalBuddyAgent/Preview Content\"";
				DEVELOPMENT_TEAM = ULPRD8K57W;
				ENABLE_HARDENED_RUNTIME = YES;
				ENABLE_PREVIEWS = YES;
				INFOPLIST_FILE = TerminalBuddyAgent/Info.plist;
				LD_RUNPATH_SEARCH_PATHS = (
					"$(inherited)",
					"@executable_path/../Frameworks",
				);
				MACOSX_DEPLOYMENT_TARGET = 10.15;
				PRODUCT_BUNDLE_IDENTIFIER = de.serjspends.terminalbuddy.agent.TerminalBuddyAgent;
				PRODUCT_NAME = "$(TARGET_NAME)";
				PROVISIONING_PROFILE_SPECIFIER = "";
				SWIFT_VERSION = 5.0;
			};
			name = Debug;
		};
		52555AF7243522D0006E38C8 /* Release */ = {
			isa = XCBuildConfiguration;
			baseConfigurationReference = 7C2568FADDA63565FFEC0C24 /* Pods-TerminalBuddyAgent.release.xcconfig */;
			buildSettings = {
				ASSETCATALOG_COMPILER_APPICON_NAME = AppIcon;
				CODE_SIGN_ENTITLEMENTS = TerminalBuddyAgent/TerminalBuddyAgent.entitlements;
				CODE_SIGN_IDENTITY = "Apple Development";
				CODE_SIGN_STYLE = Automatic;
				COMBINE_HIDPI_IMAGES = YES;
				DEVELOPMENT_ASSET_PATHS = "\"TerminalBuddyAgent/Preview Content\"";
				DEVELOPMENT_TEAM = ULPRD8K57W;
				ENABLE_HARDENED_RUNTIME = YES;
				ENABLE_PREVIEWS = YES;
				INFOPLIST_FILE = TerminalBuddyAgent/Info.plist;
				LD_RUNPATH_SEARCH_PATHS = (
					"$(inherited)",
					"@executable_path/../Frameworks",
				);
				MACOSX_DEPLOYMENT_TARGET = 10.15;
				PRODUCT_BUNDLE_IDENTIFIER = de.serjspends.terminalbuddy.agent.TerminalBuddyAgent;
				PRODUCT_NAME = "$(TARGET_NAME)";
				PROVISIONING_PROFILE_SPECIFIER = "";
				SWIFT_VERSION = 5.0;
			};
			name = Release;
		};
/* End XCBuildConfiguration section */

/* Begin XCConfigurationList section */
		52555ADD243522CD006E38C8 /* Build configuration list for PBXProject "TerminalBuddyAgent" */ = {
			isa = XCConfigurationList;
			buildConfigurations = (
				52555AF3243522D0006E38C8 /* Debug */,
				52555AF4243522D0006E38C8 /* Release */,
			);
			defaultConfigurationIsVisible = 0;
			defaultConfigurationName = Release;
		};
		52555AF5243522D0006E38C8 /* Build configuration list for PBXNativeTarget "TerminalBuddyAgent" */ = {
			isa = XCConfigurationList;
			buildConfigurations = (
				52555AF6243522D0006E38C8 /* Debug */,
				52555AF7243522D0006E38C8 /* Release */,
			);
			defaultConfigurationIsVisible = 0;
			defaultConfigurationName = Release;
		};
/* End XCConfigurationList section */
	};
	rootObject = 52555ADA243522CD006E38C8 /* Project object */;
}
